
Microsoft Visual Studio Solution File, Format Version 12.00
# Visual Studio Version 16
VisualStudioVersion = 16.0.30204.135
MinimumVisualStudioVersion = 10.0.40219.1
Project("{FAE04EC0-301F-11D3-BF4B-00C04F79EFBC}") = "UI", "UI\UI.csproj", "{F381A3FC-3CCD-432A-B0A1-0CF6F2CBC174}"
EndProject
Project("{FAE04EC0-301F-11D3-BF4B-00C04F79EFBC}") = "DAL", "DAL\DAL.csproj", "{5FA47556-52CE-457C-AEA9-9E593C53EB6E}"
EndProject
Project("{FAE04EC0-301F-11D3-BF4B-00C04F79EFBC}") = "Service", "Service\Service.csproj", "{A9F9E03D-F186-42D6-BBAB-B95F666937C8}"
EndProject
Project("{FAE04EC0-301F-11D3-BF4B-00C04F79EFBC}") = "Model", "Model\Model.csproj", "{DE4A4FE0-AD2F-4AC7-A141-341BE5F409BB}"
EndProject
Project("{FAE04EC0-301F-11D3-BF4B-00C04F79EFBC}") = "OtherFunctions", "OtherFunctions\OtherFunctions.csproj", "{D91FD340-D6A6-4332-9544-B3BFDD77CB20}"
EndProject
Global
	GlobalSection(SolutionConfigurationPlatforms) = preSolution
		Debug|Any CPU = Debug|Any CPU
		Release|Any CPU = Release|Any CPU
	EndGlobalSection
	GlobalSection(ProjectConfigurationPlatforms) = postSolution
		{F381A3FC-3CCD-432A-B0A1-0CF6F2CBC174}.Debug|Any CPU.ActiveCfg = Debug|Any CPU
		{F381A3FC-3CCD-432A-B0A1-0CF6F2CBC174}.Debug|Any CPU.Build.0 = Debug|Any CPU
		{F381A3FC-3CCD-432A-B0A1-0CF6F2CBC174}.Release|Any CPU.ActiveCfg = Release|Any CPU
		{F381A3FC-3CCD-432A-B0A1-0CF6F2CBC174}.Release|Any CPU.Build.0 = Release|Any CPU
		{5FA47556-52CE-457C-AEA9-9E593C53EB6E}.Debug|Any CPU.ActiveCfg = Debug|Any CPU
		{5FA47556-52CE-457C-AEA9-9E593C53EB6E}.Debug|Any CPU.Build.0 = Debug|Any CPU
		{5FA47556-52CE-457C-AEA9-9E593C53EB6E}.Release|Any CPU.ActiveCfg = Release|Any CPU
		{5FA47556-52CE-457C-AEA9-9E593C53EB6E}.Release|Any CPU.Build.0 = Release|Any CPU
		{A9F9E03D-F186-42D6-BBAB-B95F666937C8}.Debug|Any CPU.ActiveCfg = Debug|Any CPU
		{A9F9E03D-F186-42D6-BBAB-B95F666937C8}.Debug|Any CPU.Build.0 = Debug|Any CPU
		{A9F9E03D-F186-42D6-BBAB-B95F666937C8}.Release|Any CPU.ActiveCfg = Release|Any CPU
		{A9F9E03D-F186-42D6-BBAB-B95F666937C8}.Release|Any CPU.Build.0 = Release|Any CPU
		{DE4A4FE0-AD2F-4AC7-A141-341BE5F409BB}.Debug|Any CPU.ActiveCfg = Debug|Any CPU
		{DE4A4FE0-AD2F-4AC7-A141-341BE5F409BB}.Debug|Any CPU.Build.0 = Debug|Any CPU
		{DE4A4FE0-AD2F-4AC7-A141-341BE5F409BB}.Release|Any CPU.ActiveCfg = Release|Any CPU
		{DE4A4FE0-AD2F-4AC7-A141-341BE5F409BB}.Release|Any CPU.Build.0 = Release|Any CPU
		{D91FD340-D6A6-4332-9544-B3BFDD77CB20}.Debug|Any CPU.ActiveCfg = Debug|Any CPU
		{D91FD340-D6A6-4332-9544-B3BFDD77CB20}.Debug|Any CPU.Build.0 = Debug|Any CPU
		{D91FD340-D6A6-4332-9544-B3BFDD77CB20}.Release|Any CPU.ActiveCfg = Release|Any CPU
		{D91FD340-D6A6-4332-9544-B3BFDD77CB20}.Release|Any CPU.Build.0 = Release|Any CPU
	EndGlobalSection
	GlobalSection(SolutionProperties) = preSolution
		HideSolutionNode = FALSE
	EndGlobalSection
	GlobalSection(ExtensibilityGlobals) = postSolution
		SolutionGuid = {B60B07A9-B397-4CE4-8178-B39C104BE7A9}
	EndGlobalSection
EndGlobal
